
Microsoft Visual Studio Solution File, Format Version 12.00
# Visual Studio 15
Project("{FAE04EC0-301F-11D3-BF4B-00C04F79EFBC}") = "Craft 5.6.4f.Plugins", "Craft 5.6.4f.Plugins.csproj", "{5134A9B8-A1BA-5F10-7508-98EF4D438F73}"
EndProject
Project("{FAE04EC0-301F-11D3-BF4B-00C04F79EFBC}") = "Craft 5.6.4f", "Craft 5.6.4f.csproj", "{CD36BBF9-4533-68C7-E8BB-F4F9556C33EF}"
EndProject
Project("{FAE04EC0-301F-11D3-BF4B-00C04F79EFBC}") = "Craft 5.6.4f.Editor.Plugins", "Craft 5.6.4f.Editor.Plugins.csproj", "{607C82BD-95E3-5BE6-7CFA-712028359FCB}"
EndProject
Global
	GlobalSection(SolutionConfigurationPlatforms) = preSolution
		Debug|Any CPU = Debug|Any CPU
		Release|Any CPU = Release|Any CPU
	EndGlobalSection
	GlobalSection(ProjectConfigurationPlatforms) = postSolution
		{5134A9B8-A1BA-5F10-7508-98EF4D438F73}.Debug|Any CPU.ActiveCfg = Debug|Any CPU
		{5134A9B8-A1BA-5F10-7508-98EF4D438F73}.Debug|Any CPU.Build.0 = Debug|Any CPU
		{5134A9B8-A1BA-5F10-7508-98EF4D438F73}.Release|Any CPU.ActiveCfg = Release|Any CPU
		{5134A9B8-A1BA-5F10-7508-98EF4D438F73}.Release|Any CPU.Build.0 = Release|Any CPU
		{CD36BBF9-4533-68C7-E8BB-F4F9556C33EF}.Debug|Any CPU.ActiveCfg = Debug|Any CPU
		{CD36BBF9-4533-68C7-E8BB-F4F9556C33EF}.Debug|Any CPU.Build.0 = Debug|Any CPU
		{CD36BBF9-4533-68C7-E8BB-F4F9556C33EF}.Release|Any CPU.ActiveCfg = Release|Any CPU
		{CD36BBF9-4533-68C7-E8BB-F4F9556C33EF}.Release|Any CPU.Build.0 = Release|Any CPU
		{607C82BD-95E3-5BE6-7CFA-712028359FCB}.Debug|Any CPU.ActiveCfg = Debug|Any CPU
		{607C82BD-95E3-5BE6-7CFA-712028359FCB}.Debug|Any CPU.Build.0 = Debug|Any CPU
		{607C82BD-95E3-5BE6-7CFA-712028359FCB}.Release|Any CPU.ActiveCfg = Release|Any CPU
		{607C82BD-95E3-5BE6-7CFA-712028359FCB}.Release|Any CPU.Build.0 = Release|Any CPU
	EndGlobalSection
	GlobalSection(SolutionProperties) = preSolution
		HideSolutionNode = FALSE
	EndGlobalSection
EndGlobal
